
Microsoft Visual Studio Solution File, Format Version 12.00
# Visual Studio Version 17
VisualStudioVersion = 17.5.002.0
MinimumVisualStudioVersion = 10.0.40219.1
Project("{9A19103F-16F7-4668-BE54-9A1E7A4F7556}") = "Exo.WebApi", "Exo.WebApi.csproj", "{199D72A2-6246-47E8-B030-F70D896EB19E}"
EndProject
Global
	GlobalSection(SolutionConfigurationPlatforms) = preSolution
		Debug|Any CPU = Debug|Any CPU
		Release|Any CPU = Release|Any CPU
	EndGlobalSection
	GlobalSection(ProjectConfigurationPlatforms) = postSolution
		{199D72A2-6246-47E8-B030-F70D896EB19E}.Debug|Any CPU.ActiveCfg = Debug|Any CPU
		{199D72A2-6246-47E8-B030-F70D896EB19E}.Debug|Any CPU.Build.0 = Debug|Any CPU
		{199D72A2-6246-47E8-B030-F70D896EB19E}.Release|Any CPU.ActiveCfg = Release|Any CPU
		{199D72A2-6246-47E8-B030-F70D896EB19E}.Release|Any CPU.Build.0 = Release|Any CPU
	EndGlobalSection
	GlobalSection(SolutionProperties) = preSolution
		HideSolutionNode = FALSE
	EndGlobalSection
	GlobalSection(ExtensibilityGlobals) = postSolution
		SolutionGuid = {8121CF4B-F9FD-48B2-88C6-40D51210FB51}
	EndGlobalSection
EndGlobal
